
Microsoft Visual Studio Solution File, Format Version 12.00
# Visual Studio Version 16
VisualStudioVersion = 25.0.1706.14
MinimumVisualStudioVersion = 10.0.40219.1
Project("{FAE04EC0-301F-11D3-BF4B-00C04F79EFBC}") = "09-UpcastingDowncastingExplicitImplicit", "09-UpcastingDowncastingExplicitImplicit.csproj", "{22999B37-EF20-418B-A0EB-B21B70AA9FD3}"
EndProject
Global
	GlobalSection(SolutionConfigurationPlatforms) = preSolution
		Debug|Any CPU = Debug|Any CPU
		Release|Any CPU = Release|Any CPU
	EndGlobalSection
	GlobalSection(ProjectConfigurationPlatforms) = postSolution
		{22999B37-EF20-418B-A0EB-B21B70AA9FD3}.Debug|Any CPU.ActiveCfg = Debug|Any CPU
		{22999B37-EF20-418B-A0EB-B21B70AA9FD3}.Debug|Any CPU.Build.0 = Debug|Any CPU
		{22999B37-EF20-418B-A0EB-B21B70AA9FD3}.Release|Any CPU.ActiveCfg = Release|Any CPU
		{22999B37-EF20-418B-A0EB-B21B70AA9FD3}.Release|Any CPU.Build.0 = Release|Any CPU
	EndGlobalSection
	GlobalSection(SolutionProperties) = preSolution
		HideSolutionNode = FALSE
	EndGlobalSection
	GlobalSection(ExtensibilityGlobals) = postSolution
		SolutionGuid = {539F780D-E27A-4D39-8DA7-DC73F0F197BA}
	EndGlobalSection
EndGlobal
