
Microsoft Visual Studio Solution File, Format Version 12.00
# Visual Studio Version 16
VisualStudioVersion = 25.0.1706.14
MinimumVisualStudioVersion = 10.0.40219.1
Project("{FAE04EC0-301F-11D3-BF4B-00C04F79EFBC}") = "Interface,Abstraction,Static Members", "Interface,Abstraction,Static Members.csproj", "{49B7E766-3A00-4AE6-B646-F4E22B4A571E}"
EndProject
Global
	GlobalSection(SolutionConfigurationPlatforms) = preSolution
		Debug|Any CPU = Debug|Any CPU
		Release|Any CPU = Release|Any CPU
	EndGlobalSection
	GlobalSection(ProjectConfigurationPlatforms) = postSolution
		{49B7E766-3A00-4AE6-B646-F4E22B4A571E}.Debug|Any CPU.ActiveCfg = Debug|Any CPU
		{49B7E766-3A00-4AE6-B646-F4E22B4A571E}.Debug|Any CPU.Build.0 = Debug|Any CPU
		{49B7E766-3A00-4AE6-B646-F4E22B4A571E}.Release|Any CPU.ActiveCfg = Release|Any CPU
		{49B7E766-3A00-4AE6-B646-F4E22B4A571E}.Release|Any CPU.Build.0 = Release|Any CPU
	EndGlobalSection
	GlobalSection(SolutionProperties) = preSolution
		HideSolutionNode = FALSE
	EndGlobalSection
	GlobalSection(ExtensibilityGlobals) = postSolution
		SolutionGuid = {1D666745-D189-416A-B07C-B5A42C8B67A9}
	EndGlobalSection
EndGlobal
